
Microsoft Visual Studio Solution File, Format Version 12.00
# Visual Studio Version 16
VisualStudioVersion = 16.0.29326.143
MinimumVisualStudioVersion = 10.0.40219.1
Project("{9A19103F-16F7-4668-BE54-9A1E7A4F7556}") = "ArabicProject", "ArabicProject.csproj", "{9CF3555E-9DD4-4B6F-A9CD-E71AC02CD42F}"
EndProject
Global
	GlobalSection(SolutionConfigurationPlatforms) = preSolution
		Debug|Any CPU = Debug|Any CPU
		Release|Any CPU = Release|Any CPU
	EndGlobalSection
	GlobalSection(ProjectConfigurationPlatforms) = postSolution
		{9CF3555E-9DD4-4B6F-A9CD-E71AC02CD42F}.Debug|Any CPU.ActiveCfg = Debug|Any CPU
		{9CF3555E-9DD4-4B6F-A9CD-E71AC02CD42F}.Debug|Any CPU.Build.0 = Debug|Any CPU
		{9CF3555E-9DD4-4B6F-A9CD-E71AC02CD42F}.Release|Any CPU.ActiveCfg = Release|Any CPU
		{9CF3555E-9DD4-4B6F-A9CD-E71AC02CD42F}.Release|Any CPU.Build.0 = Release|Any CPU
	EndGlobalSection
	GlobalSection(SolutionProperties) = preSolution
		HideSolutionNode = FALSE
	EndGlobalSection
	GlobalSection(ExtensibilityGlobals) = postSolution
		SolutionGuid = {637E84B6-934F-4B64-A990-FA714407067D}
	EndGlobalSection
EndGlobal
